
Microsoft Visual Studio Solution File, Format Version 12.00
# Visual Studio Version 17
VisualStudioVersion = 17.3.32929.385
MinimumVisualStudioVersion = 10.0.40219.1
Project("{2150E333-8FDC-42A3-9474-1A3956D46DE8}") = "NativeApp", "NativeApp", "{6D949618-5276-48FC-B102-A906D9F7B364}"
EndProject
Project("{2150E333-8FDC-42A3-9474-1A3956D46DE8}") = "Database", "Database", "{4603EF52-378F-44BE-8D44-A7DF9D39433A}"
EndProject
Project("{2150E333-8FDC-42A3-9474-1A3956D46DE8}") = "API", "API", "{46C0F528-5229-4E32-AF0E-77F538A4410D}"
EndProject
Project("{2150E333-8FDC-42A3-9474-1A3956D46DE8}") = "WebApp", "WebApp", "{D14BA4D9-A6E6-4A86-993D-28EB12C658E7}"
EndProject
Project("{FAE04EC0-301F-11D3-BF4B-00C04F79EFBC}") = "MPM", "MPM\MPM.csproj", "{43FCEA1B-AFDC-488F-92FB-D112C55E0B39}"
EndProject
Project("{FAE04EC0-301F-11D3-BF4B-00C04F79EFBC}") = "MPM_Libary", "MPM_Libary\MPM_Libary.csproj", "{95D6CB3A-0274-4F02-A44B-0D01B7C97C74}"
EndProject
Project("{FAE04EC0-301F-11D3-BF4B-00C04F79EFBC}") = "MPM_Api", "MPM_Api\MPM_Api.csproj", "{8CB00BBF-32BC-41DF-8110-07FC0DAAF644}"
EndProject
Project("{FAE04EC0-301F-11D3-BF4B-00C04F79EFBC}") = "MPM_ApiClassLibrary", "MPM_ApiClassLibrary\MPM_ApiClassLibrary.csproj", "{26295237-5637-48BD-827D-1ECBCA7AF4F2}"
EndProject
Project("{00D1A9C2-B5F0-4AF3-8072-F6C62B433612}") = "MPM_Database", "MPM_Database\MPM_Database.sqlproj", "{28F3469D-EF03-470C-AA34-C827074F4359}"
EndProject
Global
	GlobalSection(SolutionConfigurationPlatforms) = preSolution
		Debug|Any CPU = Debug|Any CPU
		Release|Any CPU = Release|Any CPU
	EndGlobalSection
	GlobalSection(ProjectConfigurationPlatforms) = postSolution
		{43FCEA1B-AFDC-488F-92FB-D112C55E0B39}.Debug|Any CPU.ActiveCfg = Debug|Any CPU
		{43FCEA1B-AFDC-488F-92FB-D112C55E0B39}.Debug|Any CPU.Build.0 = Debug|Any CPU
		{43FCEA1B-AFDC-488F-92FB-D112C55E0B39}.Debug|Any CPU.Deploy.0 = Debug|Any CPU
		{43FCEA1B-AFDC-488F-92FB-D112C55E0B39}.Release|Any CPU.ActiveCfg = Release|Any CPU
		{43FCEA1B-AFDC-488F-92FB-D112C55E0B39}.Release|Any CPU.Build.0 = Release|Any CPU
		{43FCEA1B-AFDC-488F-92FB-D112C55E0B39}.Release|Any CPU.Deploy.0 = Release|Any CPU
		{95D6CB3A-0274-4F02-A44B-0D01B7C97C74}.Debug|Any CPU.ActiveCfg = Debug|Any CPU
		{95D6CB3A-0274-4F02-A44B-0D01B7C97C74}.Debug|Any CPU.Build.0 = Debug|Any CPU
		{95D6CB3A-0274-4F02-A44B-0D01B7C97C74}.Release|Any CPU.ActiveCfg = Release|Any CPU
		{95D6CB3A-0274-4F02-A44B-0D01B7C97C74}.Release|Any CPU.Build.0 = Release|Any CPU
		{8CB00BBF-32BC-41DF-8110-07FC0DAAF644}.Debug|Any CPU.ActiveCfg = Debug|Any CPU
		{8CB00BBF-32BC-41DF-8110-07FC0DAAF644}.Debug|Any CPU.Build.0 = Debug|Any CPU
		{8CB00BBF-32BC-41DF-8110-07FC0DAAF644}.Release|Any CPU.ActiveCfg = Release|Any CPU
		{8CB00BBF-32BC-41DF-8110-07FC0DAAF644}.Release|Any CPU.Build.0 = Release|Any CPU
		{26295237-5637-48BD-827D-1ECBCA7AF4F2}.Debug|Any CPU.ActiveCfg = Debug|Any CPU
		{26295237-5637-48BD-827D-1ECBCA7AF4F2}.Debug|Any CPU.Build.0 = Debug|Any CPU
		{26295237-5637-48BD-827D-1ECBCA7AF4F2}.Release|Any CPU.ActiveCfg = Release|Any CPU
		{26295237-5637-48BD-827D-1ECBCA7AF4F2}.Release|Any CPU.Build.0 = Release|Any CPU
		{28F3469D-EF03-470C-AA34-C827074F4359}.Debug|Any CPU.ActiveCfg = Debug|Any CPU
		{28F3469D-EF03-470C-AA34-C827074F4359}.Debug|Any CPU.Build.0 = Debug|Any CPU
		{28F3469D-EF03-470C-AA34-C827074F4359}.Debug|Any CPU.Deploy.0 = Debug|Any CPU
		{28F3469D-EF03-470C-AA34-C827074F4359}.Release|Any CPU.ActiveCfg = Release|Any CPU
		{28F3469D-EF03-470C-AA34-C827074F4359}.Release|Any CPU.Build.0 = Release|Any CPU
		{28F3469D-EF03-470C-AA34-C827074F4359}.Release|Any CPU.Deploy.0 = Release|Any CPU
	EndGlobalSection
	GlobalSection(SolutionProperties) = preSolution
		HideSolutionNode = FALSE
	EndGlobalSection
	GlobalSection(NestedProjects) = preSolution
		{43FCEA1B-AFDC-488F-92FB-D112C55E0B39} = {6D949618-5276-48FC-B102-A906D9F7B364}
		{95D6CB3A-0274-4F02-A44B-0D01B7C97C74} = {6D949618-5276-48FC-B102-A906D9F7B364}
		{8CB00BBF-32BC-41DF-8110-07FC0DAAF644} = {46C0F528-5229-4E32-AF0E-77F538A4410D}
		{26295237-5637-48BD-827D-1ECBCA7AF4F2} = {46C0F528-5229-4E32-AF0E-77F538A4410D}
		{28F3469D-EF03-470C-AA34-C827074F4359} = {4603EF52-378F-44BE-8D44-A7DF9D39433A}
	EndGlobalSection
	GlobalSection(ExtensibilityGlobals) = postSolution
		SolutionGuid = {832EDD32-26BD-4555-AB7B-571848FCB943}
	EndGlobalSection
EndGlobal
